
Microsoft Visual Studio Solution File, Format Version 12.00
# Visual Studio Version 17
VisualStudioVersion = 17.0.31903.59
MinimumVisualStudioVersion = 10.0.40219.1
Project("{2150E333-8FDC-42A3-9474-1A3956D46DE8}") = "Gateways", "Gateways", "{85B4CAC6-30BC-4517-B414-3705FE1651C4}"
EndProject
Project("{FAE04EC0-301F-11D3-BF4B-00C04F79EFBC}") = "OcelotApiGateway", "Gateway\OcelotApiGateway\OcelotApiGateway.csproj", "{D9FC6BD8-18EF-47E1-B234-78C666A4C680}"
EndProject
Project("{2150E333-8FDC-42A3-9474-1A3956D46DE8}") = "Services", "Services", "{35253CC5-CFCB-4A8C-BC5C-530E0E91FB3B}"
EndProject
Project("{2150E333-8FDC-42A3-9474-1A3956D46DE8}") = "IdentityServices", "IdentityServices", "{B961BDFC-5B7D-45E6-9CA0-267D93EF18A3}"
EndProject
Project("{FAE04EC0-301F-11D3-BF4B-00C04F79EFBC}") = "IdentityService.API", "Services\IdentityServices\IdentityService.API\IdentityService.API.csproj", "{798CE399-F055-4561-AA8B-8DAFFD66A37E}"
EndProject
Project("{FAE04EC0-301F-11D3-BF4B-00C04F79EFBC}") = "IdentityService.Application", "Services\IdentityServices\IdentityService.Application\IdentityService.Application.csproj", "{C638F239-AAAC-4F68-8A3E-DE624553CBBC}"
EndProject
Project("{FAE04EC0-301F-11D3-BF4B-00C04F79EFBC}") = "IdentityService.Domain", "Services\IdentityServices\IdentityService.Domain\IdentityService.Domain.csproj", "{0FECBB53-9B5C-43E3-ACC7-CF68BD075A05}"
EndProject
Project("{FAE04EC0-301F-11D3-BF4B-00C04F79EFBC}") = "IdentityService.Infrastructure", "Services\IdentityServices\IdentityService.Infrastructure\IdentityService.Infrastructure.csproj", "{4C28081A-18FC-49E2-A47C-3F0939308CF4}"
EndProject
Global
	GlobalSection(SolutionConfigurationPlatforms) = preSolution
		Debug|Any CPU = Debug|Any CPU
		Release|Any CPU = Release|Any CPU
	EndGlobalSection
	GlobalSection(SolutionProperties) = preSolution
		HideSolutionNode = FALSE
	EndGlobalSection
	GlobalSection(ProjectConfigurationPlatforms) = postSolution
		{D9FC6BD8-18EF-47E1-B234-78C666A4C680}.Debug|Any CPU.ActiveCfg = Debug|Any CPU
		{D9FC6BD8-18EF-47E1-B234-78C666A4C680}.Debug|Any CPU.Build.0 = Debug|Any CPU
		{D9FC6BD8-18EF-47E1-B234-78C666A4C680}.Release|Any CPU.ActiveCfg = Release|Any CPU
		{D9FC6BD8-18EF-47E1-B234-78C666A4C680}.Release|Any CPU.Build.0 = Release|Any CPU
		{798CE399-F055-4561-AA8B-8DAFFD66A37E}.Debug|Any CPU.ActiveCfg = Debug|Any CPU
		{798CE399-F055-4561-AA8B-8DAFFD66A37E}.Debug|Any CPU.Build.0 = Debug|Any CPU
		{798CE399-F055-4561-AA8B-8DAFFD66A37E}.Release|Any CPU.ActiveCfg = Release|Any CPU
		{798CE399-F055-4561-AA8B-8DAFFD66A37E}.Release|Any CPU.Build.0 = Release|Any CPU
		{C638F239-AAAC-4F68-8A3E-DE624553CBBC}.Debug|Any CPU.ActiveCfg = Debug|Any CPU
		{C638F239-AAAC-4F68-8A3E-DE624553CBBC}.Debug|Any CPU.Build.0 = Debug|Any CPU
		{C638F239-AAAC-4F68-8A3E-DE624553CBBC}.Release|Any CPU.ActiveCfg = Release|Any CPU
		{C638F239-AAAC-4F68-8A3E-DE624553CBBC}.Release|Any CPU.Build.0 = Release|Any CPU
		{0FECBB53-9B5C-43E3-ACC7-CF68BD075A05}.Debug|Any CPU.ActiveCfg = Debug|Any CPU
		{0FECBB53-9B5C-43E3-ACC7-CF68BD075A05}.Debug|Any CPU.Build.0 = Debug|Any CPU
		{0FECBB53-9B5C-43E3-ACC7-CF68BD075A05}.Release|Any CPU.ActiveCfg = Release|Any CPU
		{0FECBB53-9B5C-43E3-ACC7-CF68BD075A05}.Release|Any CPU.Build.0 = Release|Any CPU
		{4C28081A-18FC-49E2-A47C-3F0939308CF4}.Debug|Any CPU.ActiveCfg = Debug|Any CPU
		{4C28081A-18FC-49E2-A47C-3F0939308CF4}.Debug|Any CPU.Build.0 = Debug|Any CPU
		{4C28081A-18FC-49E2-A47C-3F0939308CF4}.Release|Any CPU.ActiveCfg = Release|Any CPU
		{4C28081A-18FC-49E2-A47C-3F0939308CF4}.Release|Any CPU.Build.0 = Release|Any CPU
	EndGlobalSection
	GlobalSection(NestedProjects) = preSolution
		{D9FC6BD8-18EF-47E1-B234-78C666A4C680} = {85B4CAC6-30BC-4517-B414-3705FE1651C4}
		{B961BDFC-5B7D-45E6-9CA0-267D93EF18A3} = {35253CC5-CFCB-4A8C-BC5C-530E0E91FB3B}
		{798CE399-F055-4561-AA8B-8DAFFD66A37E} = {B961BDFC-5B7D-45E6-9CA0-267D93EF18A3}
		{C638F239-AAAC-4F68-8A3E-DE624553CBBC} = {B961BDFC-5B7D-45E6-9CA0-267D93EF18A3}
		{0FECBB53-9B5C-43E3-ACC7-CF68BD075A05} = {B961BDFC-5B7D-45E6-9CA0-267D93EF18A3}
		{4C28081A-18FC-49E2-A47C-3F0939308CF4} = {B961BDFC-5B7D-45E6-9CA0-267D93EF18A3}
	EndGlobalSection
EndGlobal
